<?xml version="1.0" encoding="utf-8"?>
<Project ToolsVersion="4.0" xmlns="http://schemas.microsoft.com/developer/msbuild/2003">
  <ItemGroup>
    <Filter Include="源文件">
      <UniqueIdentifier>{4FC737F1-C7A5-4376-A066-2A32D752A2FF}</UniqueIdentifier>
      <Extensions>cpp;c;cc;cxx;c++;cppm;ixx;def;odl;idl;hpj;bat;asm;asmx</Extensions>
    </Filter>
    <Filter Include="头文件">
      <UniqueIdentifier>{93995380-89BD-4b04-88EB-625FBE52EBFB}</UniqueIdentifier>
      <Extensions>h;hh;hpp;hxx;h++;hm;inl;inc;ipp;xsd</Extensions>
    </Filter>
  </ItemGroup>
  <ItemGroup>
    <ClCompile Include="main.c">
      <Filter>源文件</Filter>
    </ClCompile>
    <ClCompile Include="Core_Administrater.c">
      <Filter>源文件</Filter>
    </ClCompile>
    <ClCompile Include="Core_Waitor.c">
      <Filter>源文件</Filter>
    </ClCompile>
    <ClCompile Include="Core_System.c">
      <Filter>源文件</Filter>
    </ClCompile>
    <ClCompile Include="UI.c">
      <Filter>源文件</Filter>
    </ClCompile>
  </ItemGroup>
  <ItemGroup>
    <ClInclude Include="Core_Administrater.h">
      <Filter>头文件</Filter>
    </ClInclude>
    <ClInclude Include="Core_Type.h">
      <Filter>头文件</Filter>
    </ClInclude>
    <ClInclude Include="Core_Waitor.h">
      <Filter>头文件</Filter>
    </ClInclude>
    <ClInclude Include="Core_System.h">
      <Filter>头文件</Filter>
    </ClInclude>
    <ClInclude Include="UI.h">
      <Filter>头文件</Filter>
    </ClInclude>
  </ItemGroup>
  <ItemGroup>
    <Text Include="..\..\..\Desktop\C\RestaurantSystem\Files\admin.txt">
      <Filter>源文件</Filter>
    </Text>
    <Text Include="..\..\..\Desktop\C\RestaurantSystem\Files\DoneOrders.txt">
      <Filter>源文件</Filter>
    </Text>
    <Text Include="..\..\..\Desktop\C\RestaurantSystem\Files\menu.txt">
      <Filter>源文件</Filter>
    </Text>
    <Text Include="..\..\..\Desktop\C\RestaurantSystem\Files\UnDoneOrders.txt">
      <Filter>源文件</Filter>
    </Text>
    <Text Include="..\..\..\Desktop\C\RestaurantSystem\Files\WaitorsInfo.txt">
      <Filter>源文件</Filter>
    </Text>
  </ItemGroup>
</Project>